PODS:
  - FMDB (2.6.2):
    - FMDB/standard (= 2.6.2)
  - FMDB/standard (2.6.2)
  - FSCalendar (2.6.0)
  - IQKeyboardManager (4.0.8)
  - KVNProgress (2.3.1)
  - MBProgressHUD (1.0.0)
  - Reveal-SDK (5)
  - TEAChart (1.0.0)
  - Toast (3.0)

DEPENDENCIES:
  - FMDB
  - FSCalendar
  - IQKeyboardManager
  - KVNProgress
  - MBProgressHUD (~> 1.0.0)
  - Reveal-SDK
  - TEAChart (~> 1.0)
  - Toast (~> 3.0.0)

SPEC CHECKSUMS:
  FMDB: 854a0341b4726e53276f2a8996f06f1b80f9259a
  FSCalendar: c00fa5f4c3ec343ee6f7b804ae19322e9898bb84
  IQKeyboardManager: 1a8189fa153bf09044355ee0ad36826f6767e7f7
  KVNProgress: 8167b1f19e2758290c0b6143020ed9dcbb0477a1
  MBProgressHUD: 4890f671c94e8a0f3cf959aa731e9de2f036d71a
  Reveal-SDK: 7e3945c0c3649106c3cc8923672ee545e25605c0
  TEAChart: 4bfb34461d9da2672d3e63ccf1a486e5bb4bceb7
  Toast: 32c59229abfcf41850162b83bb9259dc84372473

PODFILE CHECKSUM: 8e7ac8e3ec92c0b8701182681b623d0f6cbf1907

COCOAPODS: 1.2.0.beta.3
