// !$*UTF8*$!
{
	archiveVersion = 1;
	classes = {
	};
	objectVersion = 46;
	objects = {

/* Begin PBXBuildFile section */
		6B6DA5287213F237F383903F /* libPods-TimeList.a in Frameworks */ = {isa = PBXBuildFile; fileRef = 476823769E93E6F00C18E4FD /* libPods-TimeList.a */; };
		E200ED4A1DFE9FCE00AA4DEC /* libz.tbd in Frameworks */ = {isa = PBXBuildFile; fileRef = E200ED491DFE9FCE00AA4DEC /* libz.tbd */; };
		E200ED4C1DFE9FD800AA4DEC /* CFNetwork.framework in Frameworks */ = {isa = PBXBuildFile; fileRef = E200ED4B1DFE9FD800AA4DEC /* CFNetwork.framework */; };
		E200ED4E1DFE9FE100AA4DEC /* QuartzCore.framework in Frameworks */ = {isa = PBXBuildFile; fileRef = E200ED4D1DFE9FE100AA4DEC /* QuartzCore.framework */; };
		E200ED501DFE9FE800AA4DEC /* CoreGraphics.framework in Frameworks */ = {isa = PBXBuildFile; fileRef = E200ED4F1DFE9FE800AA4DEC /* CoreGraphics.framework */; };
		E20CAAD51E13AFF400DA07C7 /* HourlyRecordModel.m in Sources */ = {isa = PBXBuildFile; fileRef = E20CAAD41E13AFF400DA07C7 /* HourlyRecordModel.m */; };
		E20CAAD81E13B0C300DA07C7 /* HourlyRecordCell.m in Sources */ = {isa = PBXBuildFile; fileRef = E20CAAD71E13B0C300DA07C7 /* HourlyRecordCell.m */; };
		E20CAADB1E13BADF00DA07C7 /* NSString+Toolkit.m in Sources */ = {isa = PBXBuildFile; fileRef = E20CAADA1E13BADF00DA07C7 /* NSString+Toolkit.m */; };
		E20CAADF1E13BEF900DA07C7 /* TLDataSource.m in Sources */ = {isa = PBXBuildFile; fileRef = E20CAADE1E13BEF900DA07C7 /* TLDataSource.m */; };
		E20CC4351E03ADDD0013BEC7 /* NSArray+Toolkit.m in Sources */ = {isa = PBXBuildFile; fileRef = E20CC4341E03ADDD0013BEC7 /* NSArray+Toolkit.m */; };
		E20CC4371E03C9B90013BEC7 /* libsqlite3.tbd in Frameworks */ = {isa = PBXBuildFile; fileRef = E20CC4361E03C9B90013BEC7 /* libsqlite3.tbd */; };
		E20CC43D1E03CFB80013BEC7 /* libFMDB.a in Frameworks */ = {isa = PBXBuildFile; fileRef = E20CC43C1E03CFB80013BEC7 /* libFMDB.a */; };
		E20CC4401E03D8DC0013BEC7 /* TaskModel+FMDB.m in Sources */ = {isa = PBXBuildFile; fileRef = E20CC43F1E03D8DC0013BEC7 /* TaskModel+FMDB.m */; };
		E20CC4441E03DAB00013BEC7 /* FMDBManager.m in Sources */ = {isa = PBXBuildFile; fileRef = E20CC4431E03DAB00013BEC7 /* FMDBManager.m */; };
		E20F95831E26277C0094B190 /* UIViewController+BackButtonHandler.m in Sources */ = {isa = PBXBuildFile; fileRef = E20F95821E26277C0094B190 /* UIViewController+BackButtonHandler.m */; };
		E2143BD01E1B83F100F0F09C /* Calendar.storyboard in Resources */ = {isa = PBXBuildFile; fileRef = E2143BCF1E1B83F000F0F09C /* Calendar.storyboard */; };
		E2143BD31E1B851400F0F09C /* ThirdViewController.m in Sources */ = {isa = PBXBuildFile; fileRef = E2143BD21E1B851400F0F09C /* ThirdViewController.m */; };
		E2143BD51E1B861F00F0F09C /* libFSCalendar.a in Frameworks */ = {isa = PBXBuildFile; fileRef = E2143BD41E1B861F00F0F09C /* libFSCalendar.a */; };
		E2143BD81E1BA20300F0F09C /* CalendarViewController.m in Sources */ = {isa = PBXBuildFile; fileRef = E2143BD71E1BA20300F0F09C /* CalendarViewController.m */; };
		E2166D7A1E0116E40096C821 /* EditableTableViewCell.m in Sources */ = {isa = PBXBuildFile; fileRef = E2166D791E0116E40096C821 /* EditableTableViewCell.m */; };
		E22840C11E1E38C000FC6B07 /* HourlyRecordView.m in Sources */ = {isa = PBXBuildFile; fileRef = E22840C01E1E38C000FC6B07 /* HourlyRecordView.m */; };
		E23C954A1E1507D000CEBFAF /* HourlyRecordModel+FMDB.m in Sources */ = {isa = PBXBuildFile; fileRef = E23C95491E1507D000CEBFAF /* HourlyRecordModel+FMDB.m */; };
		E25A71991E239FA4004040C1 /* TaskDetailPushAnimatedTransitioning.m in Sources */ = {isa = PBXBuildFile; fileRef = E25A71981E239FA4004040C1 /* TaskDetailPushAnimatedTransitioning.m */; };
		E29F406C1E07B7ED0044D961 /* TaskDataSource+Sort.m in Sources */ = {isa = PBXBuildFile; fileRef = E29F406B1E07B7ED0044D961 /* TaskDataSource+Sort.m */; };
		E2A0A4AE1E03F93F009621A2 /* libKVNProgress.a in Frameworks */ = {isa = PBXBuildFile; fileRef = E2A0A4AD1E03F93F009621A2 /* libKVNProgress.a */; };
		E2A0A4B11E03FB68009621A2 /* NSDate+Day.m in Sources */ = {isa = PBXBuildFile; fileRef = E2A0A4B01E03FB68009621A2 /* NSDate+Day.m */; };
		E2A8149C1E11095E0068B88C /* DailySummaryViewController.m in Sources */ = {isa = PBXBuildFile; fileRef = E2A8149B1E11095E0068B88C /* DailySummaryViewController.m */; };
		E2A8149E1E110A180068B88C /* Summary.storyboard in Resources */ = {isa = PBXBuildFile; fileRef = E2A8149D1E110A180068B88C /* Summary.storyboard */; };
		E2A814A11E110D320068B88C /* DailySummaryDataSource.m in Sources */ = {isa = PBXBuildFile; fileRef = E2A814A01E110D320068B88C /* DailySummaryDataSource.m */; };
		E2A814A41E110E260068B88C /* DailySummaryDataSource+FMDB.m in Sources */ = {isa = PBXBuildFile; fileRef = E2A814A31E110E260068B88C /* DailySummaryDataSource+FMDB.m */; };
		E2B924891E08D9B400E1D3AE /* TaskDataSource+Func.m in Sources */ = {isa = PBXBuildFile; fileRef = E2B924881E08D9B400E1D3AE /* TaskDataSource+Func.m */; };
		E2B98ECE1E0262F200405C14 /* TaskDetailViewController.m in Sources */ = {isa = PBXBuildFile; fileRef = E2B98ECD1E0262F200405C14 /* TaskDetailViewController.m */; };
		E2B98ED21E02668B00405C14 /* BaseView.m in Sources */ = {isa = PBXBuildFile; fileRef = E2B98ED11E02668B00405C14 /* BaseView.m */; };
		E2B98ED51E0266B600405C14 /* TaskTitleTextView.m in Sources */ = {isa = PBXBuildFile; fileRef = E2B98ED41E0266B600405C14 /* TaskTitleTextView.m */; };
		E2B98ED81E0266D400405C14 /* TaskTitleButtonView.m in Sources */ = {isa = PBXBuildFile; fileRef = E2B98ED71E0266D400405C14 /* TaskTitleButtonView.m */; };
		E2B98EDB1E02670700405C14 /* TaskTitleTwoSelectView.m in Sources */ = {isa = PBXBuildFile; fileRef = E2B98EDA1E02670700405C14 /* TaskTitleTwoSelectView.m */; };
		E2B98EDE1E02674600405C14 /* TaskTitleLongTextView.m in Sources */ = {isa = PBXBuildFile; fileRef = E2B98EDD1E02674600405C14 /* TaskTitleLongTextView.m */; };
		E2B98EE11E02678600405C14 /* TaskTitleView.m in Sources */ = {isa = PBXBuildFile; fileRef = E2B98EE01E02678600405C14 /* TaskTitleView.m */; };
		E2B98EE51E02783F00405C14 /* SheetMaskView.m in Sources */ = {isa = PBXBuildFile; fileRef = E2B98EE41E02783F00405C14 /* SheetMaskView.m */; };
		E2B98EE81E027C6800405C14 /* PickerSheetView.m in Sources */ = {isa = PBXBuildFile; fileRef = E2B98EE71E027C6800405C14 /* PickerSheetView.m */; };
		E2B98EEA1E028F9400405C14 /* libIQKeyboardManager.a in Frameworks */ = {isa = PBXBuildFile; fileRef = E2B98EE91E028F9400405C14 /* libIQKeyboardManager.a */; };
		E2B98EED1E02A2EC00405C14 /* UINavigationController+CustomAnimation.m in Sources */ = {isa = PBXBuildFile; fileRef = E2B98EEC1E02A2EC00405C14 /* UINavigationController+CustomAnimation.m */; };
		E2EAB4601E27639100DA2A95 /* EventTypeModle.m in Sources */ = {isa = PBXBuildFile; fileRef = E2EAB45F1E27639100DA2A95 /* EventTypeModle.m */; };
		E2EAB4631E27667300DA2A95 /* EventTypeManager.m in Sources */ = {isa = PBXBuildFile; fileRef = E2EAB4621E27667300DA2A95 /* EventTypeManager.m */; };
		E2EAB4661E27724800DA2A95 /* EventTypeModle+FMDB.m in Sources */ = {isa = PBXBuildFile; fileRef = E2EAB4651E27724800DA2A95 /* EventTypeModle+FMDB.m */; };
		E2EAB4691E27868400DA2A95 /* EventTypeCell.m in Sources */ = {isa = PBXBuildFile; fileRef = E2EAB4681E27868400DA2A95 /* EventTypeCell.m */; };
		E2EAB46C1E278BE900DA2A95 /* EventTypeListViewController.m in Sources */ = {isa = PBXBuildFile; fileRef = E2EAB46B1E278BE900DA2A95 /* EventTypeListViewController.m */; };
		E2EBB5A41DFFA04700686D70 /* TaskListTableViewCell.m in Sources */ = {isa = PBXBuildFile; fileRef = E2EBB5A31DFFA04700686D70 /* TaskListTableViewCell.m */; };
		E2EBB5A71DFFA24000686D70 /* Constants.m in Sources */ = {isa = PBXBuildFile; fileRef = E2EBB5A61DFFA24000686D70 /* Constants.m */; };
		E2EBB5AB1DFFDA6E00686D70 /* UIView+Geometry.m in Sources */ = {isa = PBXBuildFile; fileRef = E2EBB5AA1DFFDA6E00686D70 /* UIView+Geometry.m */; };
		E2EC4B521DFE896D0067C0EC /* TaskModel.m in Sources */ = {isa = PBXBuildFile; fileRef = E2EC4B511DFE896D0067C0EC /* TaskModel.m */; };
		E2EC4B561DFE8C7D0067C0EC /* TaskDataSource.m in Sources */ = {isa = PBXBuildFile; fileRef = E2EC4B551DFE8C7D0067C0EC /* TaskDataSource.m */; };
		E2EC4B591DFE904A0067C0EC /* TaskListTableViewController.m in Sources */ = {isa = PBXBuildFile; fileRef = E2EC4B581DFE904A0067C0EC /* TaskListTableViewController.m */; };
		E2EC4B5B1DFE90770067C0EC /* Task.storyboard in Resources */ = {isa = PBXBuildFile; fileRef = E2EC4B5A1DFE90770067C0EC /* Task.storyboard */; };
		E2EC9F5C1E162CFD002214B8 /* TaskModel+AlwaysUseFMDB.m in Sources */ = {isa = PBXBuildFile; fileRef = E2EC9F5B1E162CFD002214B8 /* TaskModel+AlwaysUseFMDB.m */; };
		E2EC9F601E162FA1002214B8 /* TaskAlwaysUseManager.m in Sources */ = {isa = PBXBuildFile; fileRef = E2EC9F5F1E162FA1002214B8 /* TaskAlwaysUseManager.m */; };
		E2EC9F631E1631A2002214B8 /* TaskAlwaysUseViewController.m in Sources */ = {isa = PBXBuildFile; fileRef = E2EC9F621E1631A2002214B8 /* TaskAlwaysUseViewController.m */; };
		E2ECCD501E24CAC5001A3433 /* RectAnimationTransitionPop.m in Sources */ = {isa = PBXBuildFile; fileRef = E2ECCD4F1E24CAC5001A3433 /* RectAnimationTransitionPop.m */; };
		E2EE330C1E12565200D6C0EB /* HourlyRecordCreateView.m in Sources */ = {isa = PBXBuildFile; fileRef = E2EE330B1E12565200D6C0EB /* HourlyRecordCreateView.m */; };
		E2EE330E1E125B4600D6C0EB /* RevealServer.framework in Frameworks */ = {isa = PBXBuildFile; fileRef = E2EE330D1E125B4600D6C0EB /* RevealServer.framework */; };
		E2EF36F51DFA9DA0001247BE /* main.m in Sources */ = {isa = PBXBuildFile; fileRef = E2EF36F41DFA9DA0001247BE /* main.m */; };
		E2EF36F81DFA9DA0001247BE /* AppDelegate.m in Sources */ = {isa = PBXBuildFile; fileRef = E2EF36F71DFA9DA0001247BE /* AppDelegate.m */; };
		E2EF36FB1DFA9DA0001247BE /* FirstViewController.m in Sources */ = {isa = PBXBuildFile; fileRef = E2EF36FA1DFA9DA0001247BE /* FirstViewController.m */; };
		E2EF36FE1DFA9DA0001247BE /* SecondViewController.m in Sources */ = {isa = PBXBuildFile; fileRef = E2EF36FD1DFA9DA0001247BE /* SecondViewController.m */; };
		E2EF37011DFA9DA0001247BE /* Main.storyboard in Resources */ = {isa = PBXBuildFile; fileRef = E2EF36FF1DFA9DA0001247BE /* Main.storyboard */; };
		E2EF37031DFA9DA0001247BE /* Assets.xcassets in Resources */ = {isa = PBXBuildFile; fileRef = E2EF37021DFA9DA0001247BE /* Assets.xcassets */; };
		E2EF37061DFA9DA0001247BE /* LaunchScreen.storyboard in Resources */ = {isa = PBXBuildFile; fileRef = E2EF37041DFA9DA0001247BE /* LaunchScreen.storyboard */; };
		E2EF37101DFAA3E0001247BE /* BaseNavigationViewController.m in Sources */ = {isa = PBXBuildFile; fileRef = E2EF370F1DFAA3E0001247BE /* BaseNavigationViewController.m */; };
		E2EF37131DFAA46D001247BE /* BaseViewController.m in Sources */ = {isa = PBXBuildFile; fileRef = E2EF37121DFAA46D001247BE /* BaseViewController.m */; };
		E2EF37161DFAA492001247BE /* UIViewController+AutoNavBtnSetup.m in Sources */ = {isa = PBXBuildFile; fileRef = E2EF37151DFAA492001247BE /* UIViewController+AutoNavBtnSetup.m */; };
		E2EF371A1DFAB239001247BE /* UIColor+TAToolkit.m in Sources */ = {isa = PBXBuildFile; fileRef = E2EF37191DFAB239001247BE /* UIColor+TAToolkit.m */; };
		E2F079B01E02476B000163C7 /* TaskListSessionManager.m in Sources */ = {isa = PBXBuildFile; fileRef = E2F079AF1E02476B000163C7 /* TaskListSessionManager.m */; };
		E2F819641E1C965000F7F9BF /* DailyRecordViewController.m in Sources */ = {isa = PBXBuildFile; fileRef = E2F819631E1C965000F7F9BF /* DailyRecordViewController.m */; };
		E2F819671E1C989B00F7F9BF /* DailyTaskRecordView.m in Sources */ = {isa = PBXBuildFile; fileRef = E2F819661E1C989B00F7F9BF /* DailyTaskRecordView.m */; };
		E2F9FE771E0A32FF00AA7C1A /* libToast.a in Frameworks */ = {isa = PBXBuildFile; fileRef = E2F9FE761E0A32FF00AA7C1A /* libToast.a */; };
		E2F9FE7A1E0A5D1900AA7C1A /* TaskDetailSubView.m in Sources */ = {isa = PBXBuildFile; fileRef = E2F9FE791E0A5D1900AA7C1A /* TaskDetailSubView.m */; };
/* End PBXBuildFile section */

/* Begin PBXFileReference section */
		476823769E93E6F00C18E4FD /* libPods-TimeList.a */ = {isa = PBXFileReference; explicitFileType = archive.ar; includeInIndex = 0; path = "libPods-TimeList.a"; sourceTree = BUILT_PRODUCTS_DIR; };
		7D518DE72740D1E198CF0AF2 /* Pods-TimeList.release.xcconfig */ = {isa = PBXFileReference; includeInIndex = 1; lastKnownFileType = text.xcconfig; name = "Pods-TimeList.release.xcconfig"; path = "Pods/Target Support Files/Pods-TimeList/Pods-TimeList.release.xcconfig"; sourceTree = "<group>"; };
		E200ED491DFE9FCE00AA4DEC /* libz.tbd */ = {isa = PBXFileReference; lastKnownFileType = "sourcecode.text-based-dylib-definition"; name = libz.tbd; path = usr/lib/libz.tbd; sourceTree = SDKROOT; };
		E200ED4B1DFE9FD800AA4DEC /* CFNetwork.framework */ = {isa = PBXFileReference; lastKnownFileType = wrapper.framework; name = CFNetwork.framework; path = System/Library/Frameworks/CFNetwork.framework; sourceTree = SDKROOT; };
		E200ED4D1DFE9FE100AA4DEC /* QuartzCore.framework */ = {isa = PBXFileReference; lastKnownFileType = wrapper.framework; name = QuartzCore.framework; path = System/Library/Frameworks/QuartzCore.framework; sourceTree = SDKROOT; };
		E200ED4F1DFE9FE800AA4DEC /* CoreGraphics.framework */ = {isa = PBXFileReference; lastKnownFileType = wrapper.framework; name = CoreGraphics.framework; path = System/Library/Frameworks/CoreGraphics.framework; sourceTree = SDKROOT; };
		E20CAAD31E13AFF400DA07C7 /* HourlyRecordModel.h */ = {isa = PBXFileReference; fileEncoding = 4; lastKnownFileType = sourcecode.c.h; path = HourlyRecordModel.h; sourceTree = "<group>"; };
		E20CAAD41E13AFF400DA07C7 /* HourlyRecordModel.m */ = {isa = PBXFileReference; fileEncoding = 4; lastKnownFileType = sourcecode.c.objc; path = HourlyRecordModel.m; sourceTree = "<group>"; };
		E20CAAD61E13B0C300DA07C7 /* HourlyRecordCell.h */ = {isa = PBXFileReference; fileEncoding = 4; lastKnownFileType = sourcecode.c.h; path = HourlyRecordCell.h; sourceTree = "<group>"; };
		E20CAAD71E13B0C300DA07C7 /* HourlyRecordCell.m */ = {isa = PBXFileReference; fileEncoding = 4; lastKnownFileType = sourcecode.c.objc; path = HourlyRecordCell.m; sourceTree = "<group>"; };
		E20CAAD91E13BADF00DA07C7 /* NSString+Toolkit.h */ = {isa = PBXFileReference; fileEncoding = 4; lastKnownFileType = sourcecode.c.h; path = "NSString+Toolkit.h"; sourceTree = "<group>"; };
		E20CAADA1E13BADF00DA07C7 /* NSString+Toolkit.m */ = {isa = PBXFileReference; fileEncoding = 4; lastKnownFileType = sourcecode.c.objc; path = "NSString+Toolkit.m"; sourceTree = "<group>"; };
		E20CAADD1E13BEF900DA07C7 /* TLDataSource.h */ = {isa = PBXFileReference; fileEncoding = 4; lastKnownFileType = sourcecode.c.h; path = TLDataSource.h; sourceTree = "<group>"; };
		E20CAADE1E13BEF900DA07C7 /* TLDataSource.m */ = {isa = PBXFileReference; fileEncoding = 4; lastKnownFileType = sourcecode.c.objc; path = TLDataSource.m; sourceTree = "<group>"; };
		E20CC4331E03ADDD0013BEC7 /* NSArray+Toolkit.h */ = {isa = PBXFileReference; fileEncoding = 4; lastKnownFileType = sourcecode.c.h; path = "NSArray+Toolkit.h"; sourceTree = "<group>"; };
		E20CC4341E03ADDD0013BEC7 /* NSArray+Toolkit.m */ = {isa = PBXFileReference; fileEncoding = 4; lastKnownFileType = sourcecode.c.objc; path = "NSArray+Toolkit.m"; sourceTree = "<group>"; };
		E20CC4361E03C9B90013BEC7 /* libsqlite3.tbd */ = {isa = PBXFileReference; lastKnownFileType = "sourcecode.text-based-dylib-definition"; name = libsqlite3.tbd; path = usr/lib/libsqlite3.tbd; sourceTree = SDKROOT; };
		E20CC43A1E03CE790013BEC7 /* libsqlite3.0.tbd */ = {isa = PBXFileReference; lastKnownFileType = "sourcecode.text-based-dylib-definition"; name = libsqlite3.0.tbd; path = usr/lib/libsqlite3.0.tbd; sourceTree = SDKROOT; };
		E20CC43C1E03CFB80013BEC7 /* libFMDB.a */ = {isa = PBXFileReference; lastKnownFileType = archive.ar; name = libFMDB.a; path = "../../../Library/Developer/Xcode/DerivedData/TimeList-acspqkjrrlseatbfzfmmkxlqhhfj/Build/Products/Debug-iphoneos/FMDB/libFMDB.a"; sourceTree = "<group>"; };
		E20CC43E1E03D8DC0013BEC7 /* TaskModel+FMDB.h */ = {isa = PBXFileReference; fileEncoding = 4; lastKnownFileType = sourcecode.c.h; path = "TaskModel+FMDB.h"; sourceTree = "<group>"; };
		E20CC43F1E03D8DC0013BEC7 /* TaskModel+FMDB.m */ = {isa = PBXFileReference; fileEncoding = 4; lastKnownFileType = sourcecode.c.objc; path = "TaskModel+FMDB.m"; sourceTree = "<group>"; };
		E20CC4421E03DAB00013BEC7 /* FMDBManager.h */ = {isa = PBXFileReference; fileEncoding = 4; lastKnownFileType = sourcecode.c.h; path = FMDBManager.h; sourceTree = "<group>"; };
		E20CC4431E03DAB00013BEC7 /* FMDBManager.m */ = {isa = PBXFileReference; fileEncoding = 4; lastKnownFileType = sourcecode.c.objc; path = FMDBManager.m; sourceTree = "<group>"; };
		E20F95811E26277C0094B190 /* UIViewController+BackButtonHandler.h */ = {isa = PBXFileReference; fileEncoding = 4; lastKnownFileType = sourcecode.c.h; path = "UIViewController+BackButtonHandler.h"; sourceTree = "<group>"; };
		E20F95821E26277C0094B190 /* UIViewController+BackButtonHandler.m */ = {isa = PBXFileReference; fileEncoding = 4; lastKnownFileType = sourcecode.c.objc; path = "UIViewController+BackButtonHandler.m"; sourceTree = "<group>"; };
		E2143BCF1E1B83F000F0F09C /* Calendar.storyboard */ = {isa = PBXFileReference; fileEncoding = 4; lastKnownFileType = file.storyboard; path = Calendar.storyboard; sourceTree = "<group>"; };
		E2143BD11E1B851400F0F09C /* ThirdViewController.h */ = {isa = PBXFileReference; fileEncoding = 4; lastKnownFileType = sourcecode.c.h; path = ThirdViewController.h; sourceTree = "<group>"; };
		E2143BD21E1B851400F0F09C /* ThirdViewController.m */ = {isa = PBXFileReference; fileEncoding = 4; lastKnownFileType = sourcecode.c.objc; path = ThirdViewController.m; sourceTree = "<group>"; };
		E2143BD41E1B861F00F0F09C /* libFSCalendar.a */ = {isa = PBXFileReference; lastKnownFileType = archive.ar; name = libFSCalendar.a; path = "../../Library/Developer/Xcode/DerivedData/TimeList-akiumsedqafylxekndmczvklrzut/Build/Products/Debug-iphoneos/FSCalendar/libFSCalendar.a"; sourceTree = "<group>"; };
		E2143BD61E1BA20300F0F09C /* CalendarViewController.h */ = {isa = PBXFileReference; fileEncoding = 4; lastKnownFileType = sourcecode.c.h; path = CalendarViewController.h; sourceTree = "<group>"; };
		E2143BD71E1BA20300F0F09C /* CalendarViewController.m */ = {isa = PBXFileReference; fileEncoding = 4; lastKnownFileType = sourcecode.c.objc; path = CalendarViewController.m; sourceTree = "<group>"; };
		E2166D781E0116E40096C821 /* EditableTableViewCell.h */ = {isa = PBXFileReference; fileEncoding = 4; lastKnownFileType = sourcecode.c.h; path = EditableTableViewCell.h; sourceTree = "<group>"; };
		E2166D791E0116E40096C821 /* EditableTableViewCell.m */ = {isa = PBXFileReference; fileEncoding = 4; lastKnownFileType = sourcecode.c.objc; path = EditableTableViewCell.m; sourceTree = "<group>"; };
		E22840BF1E1E38C000FC6B07 /* HourlyRecordView.h */ = {isa = PBXFileReference; fileEncoding = 4; lastKnownFileType = sourcecode.c.h; path = HourlyRecordView.h; sourceTree = "<group>"; };
		E22840C01E1E38C000FC6B07 /* HourlyRecordView.m */ = {isa = PBXFileReference; fileEncoding = 4; lastKnownFileType = sourcecode.c.objc; path = HourlyRecordView.m; sourceTree = "<group>"; };
		E23C95481E1507D000CEBFAF /* HourlyRecordModel+FMDB.h */ = {isa = PBXFileReference; fileEncoding = 4; lastKnownFileType = sourcecode.c.h; path = "HourlyRecordModel+FMDB.h"; sourceTree = "<group>"; };
		E23C95491E1507D000CEBFAF /* HourlyRecordModel+FMDB.m */ = {isa = PBXFileReference; fileEncoding = 4; lastKnownFileType = sourcecode.c.objc; path = "HourlyRecordModel+FMDB.m"; sourceTree = "<group>"; };
		E25A71971E239FA4004040C1 /* TaskDetailPushAnimatedTransitioning.h */ = {isa = PBXFileReference; fileEncoding = 4; lastKnownFileType = sourcecode.c.h; path = TaskDetailPushAnimatedTransitioning.h; sourceTree = "<group>"; };
		E25A71981E239FA4004040C1 /* TaskDetailPushAnimatedTransitioning.m */ = {isa = PBXFileReference; fileEncoding = 4; lastKnownFileType = sourcecode.c.objc; path = TaskDetailPushAnimatedTransitioning.m; sourceTree = "<group>"; };
		E29F406A1E07B7ED0044D961 /* TaskDataSource+Sort.h */ = {isa = PBXFileReference; fileEncoding = 4; lastKnownFileType = sourcecode.c.h; path = "TaskDataSource+Sort.h"; sourceTree = "<group>"; };
		E29F406B1E07B7ED0044D961 /* TaskDataSource+Sort.m */ = {isa = PBXFileReference; fileEncoding = 4; lastKnownFileType = sourcecode.c.objc; path = "TaskDataSource+Sort.m"; sourceTree = "<group>"; };
		E2A0A4AD1E03F93F009621A2 /* libKVNProgress.a */ = {isa = PBXFileReference; lastKnownFileType = archive.ar; name = libKVNProgress.a; path = "../../../Library/Developer/Xcode/DerivedData/TimeList-acspqkjrrlseatbfzfmmkxlqhhfj/Build/Products/Debug-iphoneos/KVNProgress/libKVNProgress.a"; sourceTree = "<group>"; };
		E2A0A4AF1E03FB68009621A2 /* NSDate+Day.h */ = {isa = PBXFileReference; fileEncoding = 4; lastKnownFileType = sourcecode.c.h; path = "NSDate+Day.h"; sourceTree = "<group>"; };
		E2A0A4B01E03FB68009621A2 /* NSDate+Day.m */ = {isa = PBXFileReference; fileEncoding = 4; lastKnownFileType = sourcecode.c.objc; path = "NSDate+Day.m"; sourceTree = "<group>"; };
		E2A8149A1E11095E0068B88C /* DailySummaryViewController.h */ = {isa = PBXFileReference; fileEncoding = 4; lastKnownFileType = sourcecode.c.h; path = DailySummaryViewController.h; sourceTree = "<group>"; };
		E2A8149B1E11095E0068B88C /* DailySummaryViewController.m */ = {isa = PBXFileReference; fileEncoding = 4; lastKnownFileType = sourcecode.c.objc; path = DailySummaryViewController.m; sourceTree = "<group>"; };
		E2A8149D1E110A180068B88C /* Summary.storyboard */ = {isa = PBXFileReference; fileEncoding = 4; lastKnownFileType = file.storyboard; path = Summary.storyboard; sourceTree = "<group>"; };
		E2A8149F1E110D320068B88C /* DailySummaryDataSource.h */ = {isa = PBXFileReference; fileEncoding = 4; lastKnownFileType = sourcecode.c.h; path = DailySummaryDataSource.h; sourceTree = "<group>"; };
		E2A814A01E110D320068B88C /* DailySummaryDataSource.m */ = {isa = PBXFileReference; fileEncoding = 4; lastKnownFileType = sourcecode.c.objc; path = DailySummaryDataSource.m; sourceTree = "<group>"; };
		E2A814A21E110E260068B88C /* DailySummaryDataSource+FMDB.h */ = {isa = PBXFileReference; fileEncoding = 4; lastKnownFileType = sourcecode.c.h; path = "DailySummaryDataSource+FMDB.h"; sourceTree = "<group>"; };
		E2A814A31E110E260068B88C /* DailySummaryDataSource+FMDB.m */ = {isa = PBXFileReference; fileEncoding = 4; lastKnownFileType = sourcecode.c.objc; path = "DailySummaryDataSource+FMDB.m"; sourceTree = "<group>"; };
		E2B924871E08D9B400E1D3AE /* TaskDataSource+Func.h */ = {isa = PBXFileReference; fileEncoding = 4; lastKnownFileType = sourcecode.c.h; path = "TaskDataSource+Func.h"; sourceTree = "<group>"; };
		E2B924881E08D9B400E1D3AE /* TaskDataSource+Func.m */ = {isa = PBXFileReference; fileEncoding = 4; lastKnownFileType = sourcecode.c.objc; path = "TaskDataSource+Func.m"; sourceTree = "<group>"; };
		E2B98ECC1E0262F200405C14 /* TaskDetailViewController.h */ = {isa = PBXFileReference; fileEncoding = 4; lastKnownFileType = sourcecode.c.h; path = TaskDetailViewController.h; sourceTree = "<group>"; };
		E2B98ECD1E0262F200405C14 /* TaskDetailViewController.m */ = {isa = PBXFileReference; fileEncoding = 4; lastKnownFileType = sourcecode.c.objc; path = TaskDetailViewController.m; sourceTree = "<group>"; };
		E2B98ED01E02668B00405C14 /* BaseView.h */ = {isa = PBXFileReference; fileEncoding = 4; lastKnownFileType = sourcecode.c.h; path = BaseView.h; sourceTree = "<group>"; };
		E2B98ED11E02668B00405C14 /* BaseView.m */ = {isa = PBXFileReference; fileEncoding = 4; lastKnownFileType = sourcecode.c.objc; path = BaseView.m; sourceTree = "<group>"; };
		E2B98ED31E0266B600405C14 /* TaskTitleTextView.h */ = {isa = PBXFileReference; fileEncoding = 4; lastKnownFileType = sourcecode.c.h; path = TaskTitleTextView.h; sourceTree = "<group>"; };
		E2B98ED41E0266B600405C14 /* TaskTitleTextView.m */ = {isa = PBXFileReference; fileEncoding = 4; lastKnownFileType = sourcecode.c.objc; path = TaskTitleTextView.m; sourceTree = "<group>"; };
		E2B98ED61E0266D400405C14 /* TaskTitleButtonView.h */ = {isa = PBXFileReference; fileEncoding = 4; lastKnownFileType = sourcecode.c.h; path = TaskTitleButtonView.h; sourceTree = "<group>"; };
		E2B98ED71E0266D400405C14 /* TaskTitleButtonView.m */ = {isa = PBXFileReference; fileEncoding = 4; lastKnownFileType = sourcecode.c.objc; path = TaskTitleButtonView.m; sourceTree = "<group>"; };
		E2B98ED91E02670700405C14 /* TaskTitleTwoSelectView.h */ = {isa = PBXFileReference; fileEncoding = 4; lastKnownFileType = sourcecode.c.h; path = TaskTitleTwoSelectView.h; sourceTree = "<group>"; };
		E2B98EDA1E02670700405C14 /* TaskTitleTwoSelectView.m */ = {isa = PBXFileReference; fileEncoding = 4; lastKnownFileType = sourcecode.c.objc; path = TaskTitleTwoSelectView.m; sourceTree = "<group>"; };
		E2B98EDC1E02674600405C14 /* TaskTitleLongTextView.h */ = {isa = PBXFileReference; fileEncoding = 4; lastKnownFileType = sourcecode.c.h; path = TaskTitleLongTextView.h; sourceTree = "<group>"; };
		E2B98EDD1E02674600405C14 /* TaskTitleLongTextView.m */ = {isa = PBXFileReference; fileEncoding = 4; lastKnownFileType = sourcecode.c.objc; path = TaskTitleLongTextView.m; sourceTree = "<group>"; };
		E2B98EDF1E02678600405C14 /* TaskTitleView.h */ = {isa = PBXFileReference; fileEncoding = 4; lastKnownFileType = sourcecode.c.h; path = TaskTitleView.h; sourceTree = "<group>"; };
		E2B98EE01E02678600405C14 /* TaskTitleView.m */ = {isa = PBXFileReference; fileEncoding = 4; lastKnownFileType = sourcecode.c.objc; path = TaskTitleView.m; sourceTree = "<group>"; };
		E2B98EE31E02783F00405C14 /* SheetMaskView.h */ = {isa = PBXFileReference; fileEncoding = 4; lastKnownFileType = sourcecode.c.h; path = SheetMaskView.h; sourceTree = "<group>"; };
		E2B98EE41E02783F00405C14 /* SheetMaskView.m */ = {isa = PBXFileReference; fileEncoding = 4; lastKnownFileType = sourcecode.c.objc; path = SheetMaskView.m; sourceTree = "<group>"; };
		E2B98EE61E027C6800405C14 /* PickerSheetView.h */ = {isa = PBXFileReference; fileEncoding = 4; lastKnownFileType = sourcecode.c.h; path = PickerSheetView.h; sourceTree = "<group>"; };
		E2B98EE71E027C6800405C14 /* PickerSheetView.m */ = {isa = PBXFileReference; fileEncoding = 4; lastKnownFileType = sourcecode.c.objc; path = PickerSheetView.m; sourceTree = "<group>"; };
		E2B98EE91E028F9400405C14 /* libIQKeyboardManager.a */ = {isa = PBXFileReference; lastKnownFileType = archive.ar; name = libIQKeyboardManager.a; path = "../../../Library/Developer/Xcode/DerivedData/TimeList-acspqkjrrlseatbfzfmmkxlqhhfj/Build/Products/Debug-iphoneos/IQKeyboardManager/libIQKeyboardManager.a"; sourceTree = "<group>"; };
		E2B98EEB1E02A2EC00405C14 /* UINavigationController+CustomAnimation.h */ = {isa = PBXFileReference; fileEncoding = 4; lastKnownFileType = sourcecode.c.h; path = "UINavigationController+CustomAnimation.h"; sourceTree = "<group>"; };
		E2B98EEC1E02A2EC00405C14 /* UINavigationController+CustomAnimation.m */ = {isa = PBXFileReference; fileEncoding = 4; lastKnownFileType = sourcecode.c.objc; path = "UINavigationController+CustomAnimation.m"; sourceTree = "<group>"; };
		E2EAB45E1E27639100DA2A95 /* EventTypeModle.h */ = {isa = PBXFileReference; fileEncoding = 4; lastKnownFileType = sourcecode.c.h; path = EventTypeModle.h; sourceTree = "<group>"; };
		E2EAB45F1E27639100DA2A95 /* EventTypeModle.m */ = {isa = PBXFileReference; fileEncoding = 4; lastKnownFileType = sourcecode.c.objc; path = EventTypeModle.m; sourceTree = "<group>"; };
		E2EAB4611E27667300DA2A95 /* EventTypeManager.h */ = {isa = PBXFileReference; fileEncoding = 4; lastKnownFileType = sourcecode.c.h; path = EventTypeManager.h; sourceTree = "<group>"; };
		E2EAB4621E27667300DA2A95 /* EventTypeManager.m */ = {isa = PBXFileReference; fileEncoding = 4; lastKnownFileType = sourcecode.c.objc; path = EventTypeManager.m; sourceTree = "<group>"; };
		E2EAB4641E27724800DA2A95 /* EventTypeModle+FMDB.h */ = {isa = PBXFileReference; fileEncoding = 4; lastKnownFileType = sourcecode.c.h; path = "EventTypeModle+FMDB.h"; sourceTree = "<group>"; };
		E2EAB4651E27724800DA2A95 /* EventTypeModle+FMDB.m */ = {isa = PBXFileReference; fileEncoding = 4; lastKnownFileType = sourcecode.c.objc; path = "EventTypeModle+FMDB.m"; sourceTree = "<group>"; };
		E2EAB4671E27868400DA2A95 /* EventTypeCell.h */ = {isa = PBXFileReference; fileEncoding = 4; lastKnownFileType = sourcecode.c.h; path = EventTypeCell.h; sourceTree = "<group>"; };
		E2EAB4681E27868400DA2A95 /* EventTypeCell.m */ = {isa = PBXFileReference; fileEncoding = 4; lastKnownFileType = sourcecode.c.objc; path = EventTypeCell.m; sourceTree = "<group>"; };
		E2EAB46A1E278BE900DA2A95 /* EventTypeListViewController.h */ = {isa = PBXFileReference; fileEncoding = 4; lastKnownFileType = sourcecode.c.h; path = EventTypeListViewController.h; sourceTree = "<group>"; };
		E2EAB46B1E278BE900DA2A95 /* EventTypeListViewController.m */ = {isa = PBXFileReference; fileEncoding = 4; lastKnownFileType = sourcecode.c.objc; path = EventTypeListViewController.m; sourceTree = "<group>"; };
		E2EBB5A21DFFA04700686D70 /* TaskListTableViewCell.h */ = {isa = PBXFileReference; fileEncoding = 4; lastKnownFileType = sourcecode.c.h; path = TaskListTableViewCell.h; sourceTree = "<group>"; };
		E2EBB5A31DFFA04700686D70 /* TaskListTableViewCell.m */ = {isa = PBXFileReference; fileEncoding = 4; lastKnownFileType = sourcecode.c.objc; path = TaskListTableViewCell.m; sourceTree = "<group>"; };
		E2EBB5A51DFFA24000686D70 /* Constants.h */ = {isa = PBXFileReference; fileEncoding = 4; lastKnownFileType = sourcecode.c.h; path = Constants.h; sourceTree = "<group>"; };
		E2EBB5A61DFFA24000686D70 /* Constants.m */ = {isa = PBXFileReference; fileEncoding = 4; lastKnownFileType = sourcecode.c.objc; path = Constants.m; sourceTree = "<group>"; };
		E2EBB5A81DFFA34800686D70 /* Toolkit.h */ = {isa = PBXFileReference; lastKnownFileType = sourcecode.c.h; path = Toolkit.h; sourceTree = "<group>"; };
		E2EBB5A91DFFDA6E00686D70 /* UIView+Geometry.h */ = {isa = PBXFileReference; fileEncoding = 4; lastKnownFileType = sourcecode.c.h; path = "UIView+Geometry.h"; sourceTree = "<group>"; };
		E2EBB5AA1DFFDA6E00686D70 /* UIView+Geometry.m */ = {isa = PBXFileReference; fileEncoding = 4; lastKnownFileType = sourcecode.c.objc; path = "UIView+Geometry.m"; sourceTree = "<group>"; };
		E2EC4B4E1DFE84A20067C0EC /* FoundationToolkit.h */ = {isa = PBXFileReference; lastKnownFileType = sourcecode.c.h; path = FoundationToolkit.h; sourceTree = "<group>"; };
		E2EC4B501DFE896D0067C0EC /* TaskModel.h */ = {isa = PBXFileReference; fileEncoding = 4; lastKnownFileType = sourcecode.c.h; path = TaskModel.h; sourceTree = "<group>"; };
		E2EC4B511DFE896D0067C0EC /* TaskModel.m */ = {isa = PBXFileReference; fileEncoding = 4; lastKnownFileType = sourcecode.c.objc; path = TaskModel.m; sourceTree = "<group>"; };
		E2EC4B541DFE8C7D0067C0EC /* TaskDataSource.h */ = {isa = PBXFileReference; fileEncoding = 4; lastKnownFileType = sourcecode.c.h; path = TaskDataSource.h; sourceTree = "<group>"; };
		E2EC4B551DFE8C7D0067C0EC /* TaskDataSource.m */ = {isa = PBXFileReference; fileEncoding = 4; lastKnownFileType = sourcecode.c.objc; path = TaskDataSource.m; sourceTree = "<group>"; };
		E2EC4B571DFE904A0067C0EC /* TaskListTableViewController.h */ = {isa = PBXFileReference; fileEncoding = 4; lastKnownFileType = sourcecode.c.h; path = TaskListTableViewController.h; sourceTree = "<group>"; };
		E2EC4B581DFE904A0067C0EC /* TaskListTableViewController.m */ = {isa = PBXFileReference; fileEncoding = 4; lastKnownFileType = sourcecode.c.objc; path = TaskListTableViewController.m; sourceTree = "<group>"; };
		E2EC4B5A1DFE90770067C0EC /* Task.storyboard */ = {isa = PBXFileReference; fileEncoding = 4; lastKnownFileType = file.storyboard; path = Task.storyboard; sourceTree = "<group>"; };
		E2EC9F5A1E162CFD002214B8 /* TaskModel+AlwaysUseFMDB.h */ = {isa = PBXFileReference; fileEncoding = 4; lastKnownFileType = sourcecode.c.h; path = "TaskModel+AlwaysUseFMDB.h"; sourceTree = "<group>"; };
		E2EC9F5B1E162CFD002214B8 /* TaskModel+AlwaysUseFMDB.m */ = {isa = PBXFileReference; fileEncoding = 4; lastKnownFileType = sourcecode.c.objc; path = "TaskModel+AlwaysUseFMDB.m"; sourceTree = "<group>"; };
		E2EC9F5E1E162FA1002214B8 /* TaskAlwaysUseManager.h */ = {isa = PBXFileReference; fileEncoding = 4; lastKnownFileType = sourcecode.c.h; path = TaskAlwaysUseManager.h; sourceTree = "<group>"; };
		E2EC9F5F1E162FA1002214B8 /* TaskAlwaysUseManager.m */ = {isa = PBXFileReference; fileEncoding = 4; lastKnownFileType = sourcecode.c.objc; path = TaskAlwaysUseManager.m; sourceTree = "<group>"; };
		E2EC9F611E1631A2002214B8 /* TaskAlwaysUseViewController.h */ = {isa = PBXFileReference; fileEncoding = 4; lastKnownFileType = sourcecode.c.h; path = TaskAlwaysUseViewController.h; sourceTree = "<group>"; };
		E2EC9F621E1631A2002214B8 /* TaskAlwaysUseViewController.m */ = {isa = PBXFileReference; fileEncoding = 4; lastKnownFileType = sourcecode.c.objc; path = TaskAlwaysUseViewController.m; sourceTree = "<group>"; };
		E2ECCD4E1E24CAC5001A3433 /* RectAnimationTransitionPop.h */ = {isa = PBXFileReference; fileEncoding = 4; lastKnownFileType = sourcecode.c.h; path = RectAnimationTransitionPop.h; sourceTree = "<group>"; };
		E2ECCD4F1E24CAC5001A3433 /* RectAnimationTransitionPop.m */ = {isa = PBXFileReference; fileEncoding = 4; lastKnownFileType = sourcecode.c.objc; path = RectAnimationTransitionPop.m; sourceTree = "<group>"; };
		E2EE330A1E12565200D6C0EB /* HourlyRecordCreateView.h */ = {isa = PBXFileReference; fileEncoding = 4; lastKnownFileType = sourcecode.c.h; path = HourlyRecordCreateView.h; sourceTree = "<group>"; };
		E2EE330B1E12565200D6C0EB /* HourlyRecordCreateView.m */ = {isa = PBXFileReference; fileEncoding = 4; lastKnownFileType = sourcecode.c.objc; path = HourlyRecordCreateView.m; sourceTree = "<group>"; };
		E2EE330D1E125B4600D6C0EB /* RevealServer.framework */ = {isa = PBXFileReference; lastKnownFileType = wrapper.framework; path = RevealServer.framework; sourceTree = "<group>"; };
		E2EF36F01DFA9DA0001247BE /* TimeList.app */ = {isa = PBXFileReference; explicitFileType = wrapper.application; includeInIndex = 0; path = TimeList.app; sourceTree = BUILT_PRODUCTS_DIR; };
		E2EF36F41DFA9DA0001247BE /* main.m */ = {isa = PBXFileReference; lastKnownFileType = sourcecode.c.objc; path = main.m; sourceTree = "<group>"; };
		E2EF36F61DFA9DA0001247BE /* AppDelegate.h */ = {isa = PBXFileReference; lastKnownFileType = sourcecode.c.h; path = AppDelegate.h; sourceTree = "<group>"; };
		E2EF36F71DFA9DA0001247BE /* AppDelegate.m */ = {isa = PBXFileReference; lastKnownFileType = sourcecode.c.objc; path = AppDelegate.m; sourceTree = "<group>"; };
		E2EF36F91DFA9DA0001247BE /* FirstViewController.h */ = {isa = PBXFileReference; lastKnownFileType = sourcecode.c.h; path = FirstViewController.h; sourceTree = "<group>"; };
		E2EF36FA1DFA9DA0001247BE /* FirstViewController.m */ = {isa = PBXFileReference; lastKnownFileType = sourcecode.c.objc; path = FirstViewController.m; sourceTree = "<group>"; };
		E2EF36FC1DFA9DA0001247BE /* SecondViewController.h */ = {isa = PBXFileReference; lastKnownFileType = sourcecode.c.h; path = SecondViewController.h; sourceTree = "<group>"; };
		E2EF36FD1DFA9DA0001247BE /* SecondViewController.m */ = {isa = PBXFileReference; lastKnownFileType = sourcecode.c.objc; path = SecondViewController.m; sourceTree = "<group>"; };
		E2EF37001DFA9DA0001247BE /* Base */ = {isa = PBXFileReference; lastKnownFileType = file.storyboard; name = Base; path = Base.lproj/Main.storyboard; sourceTree = "<group>"; };
		E2EF37021DFA9DA0001247BE /* Assets.xcassets */ = {isa = PBXFileReference; lastKnownFileType = folder.assetcatalog; path = Assets.xcassets; sourceTree = "<group>"; };
		E2EF37051DFA9DA0001247BE /* Base */ = {isa = PBXFileReference; lastKnownFileType = file.storyboard; name = Base; path = Base.lproj/LaunchScreen.storyboard; sourceTree = "<group>"; };
		E2EF37071DFA9DA0001247BE /* Info.plist */ = {isa = PBXFileReference; lastKnownFileType = text.plist.xml; path = Info.plist; sourceTree = "<group>"; };
		E2EF370E1DFAA3E0001247BE /* BaseNavigationViewController.h */ = {isa = PBXFileReference; fileEncoding = 4; lastKnownFileType = sourcecode.c.h; path = BaseNavigationViewController.h; sourceTree = "<group>"; };
		E2EF370F1DFAA3E0001247BE /* BaseNavigationViewController.m */ = {isa = PBXFileReference; fileEncoding = 4; lastKnownFileType = sourcecode.c.objc; path = BaseNavigationViewController.m; sourceTree = "<group>"; };
		E2EF37111DFAA46D001247BE /* BaseViewController.h */ = {isa = PBXFileReference; fileEncoding = 4; lastKnownFileType = sourcecode.c.h; path = BaseViewController.h; sourceTree = "<group>"; };
		E2EF37121DFAA46D001247BE /* BaseViewController.m */ = {isa = PBXFileReference; fileEncoding = 4; lastKnownFileType = sourcecode.c.objc; path = BaseViewController.m; sourceTree = "<group>"; };
		E2EF37141DFAA492001247BE /* UIViewController+AutoNavBtnSetup.h */ = {isa = PBXFileReference; fileEncoding = 4; lastKnownFileType = sourcecode.c.h; path = "UIViewController+AutoNavBtnSetup.h"; sourceTree = "<group>"; };
		E2EF37151DFAA492001247BE /* UIViewController+AutoNavBtnSetup.m */ = {isa = PBXFileReference; fileEncoding = 4; lastKnownFileType = sourcecode.c.objc; path = "UIViewController+AutoNavBtnSetup.m"; sourceTree = "<group>"; };
		E2EF37181DFAB239001247BE /* UIColor+TAToolkit.h */ = {isa = PBXFileReference; fileEncoding = 4; lastKnownFileType = sourcecode.c.h; path = "UIColor+TAToolkit.h"; sourceTree = "<group>"; };
		E2EF37191DFAB239001247BE /* UIColor+TAToolkit.m */ = {isa = PBXFileReference; fileEncoding = 4; lastKnownFileType = sourcecode.c.objc; path = "UIColor+TAToolkit.m"; sourceTree = "<group>"; };
		E2F079AE1E02476B000163C7 /* TaskListSessionManager.h */ = {isa = PBXFileReference; fileEncoding = 4; lastKnownFileType = sourcecode.c.h; path = TaskListSessionManager.h; sourceTree = "<group>"; };
		E2F079AF1E02476B000163C7 /* TaskListSessionManager.m */ = {isa = PBXFileReference; fileEncoding = 4; lastKnownFileType = sourcecode.c.objc; path = TaskListSessionManager.m; sourceTree = "<group>"; };
		E2F819621E1C965000F7F9BF /* DailyRecordViewController.h */ = {isa = PBXFileReference; fileEncoding = 4; lastKnownFileType = sourcecode.c.h; path = DailyRecordViewController.h; sourceTree = "<group>"; };
		E2F819631E1C965000F7F9BF /* DailyRecordViewController.m */ = {isa = PBXFileReference; fileEncoding = 4; lastKnownFileType = sourcecode.c.objc; path = DailyRecordViewController.m; sourceTree = "<group>"; };
		E2F819651E1C989B00F7F9BF /* DailyTaskRecordView.h */ = {isa = PBXFileReference; fileEncoding = 4; lastKnownFileType = sourcecode.c.h; path = DailyTaskRecordView.h; sourceTree = "<group>"; };
		E2F819661E1C989B00F7F9BF /* DailyTaskRecordView.m */ = {isa = PBXFileReference; fileEncoding = 4; lastKnownFileType = sourcecode.c.objc; path = DailyTaskRecordView.m; sourceTree = "<group>"; };
		E2F9FE761E0A32FF00AA7C1A /* libToast.a */ = {isa = PBXFileReference; lastKnownFileType = archive.ar; name = libToast.a; path = "../../Library/Developer/Xcode/DerivedData/TimeList-akiumsedqafylxekndmczvklrzut/Build/Products/Debug-iphoneos/Toast/libToast.a"; sourceTree = "<group>"; };
		E2F9FE781E0A5D1900AA7C1A /* TaskDetailSubView.h */ = {isa = PBXFileReference; fileEncoding = 4; lastKnownFileType = sourcecode.c.h; path = TaskDetailSubView.h; sourceTree = "<group>"; };
		E2F9FE791E0A5D1900AA7C1A /* TaskDetailSubView.m */ = {isa = PBXFileReference; fileEncoding = 4; lastKnownFileType = sourcecode.c.objc; path = TaskDetailSubView.m; sourceTree = "<group>"; };
		F8DCE3FBECE9C33A57FD72D5 /* Pods-TimeList.debug.xcconfig */ = {isa = PBXFileReference; includeInIndex = 1; lastKnownFileType = text.xcconfig; name = "Pods-TimeList.debug.xcconfig"; path = "Pods/Target Support Files/Pods-TimeList/Pods-TimeList.debug.xcconfig"; sourceTree = "<group>"; };
/* End PBXFileReference section */

/* Begin PBXFrameworksBuildPhase section */
		E2EF36ED1DFA9DA0001247BE /* Frameworks */ = {
			isa = PBXFrameworksBuildPhase;
			buildActionMask = 2147483647;
			files = (
				E2143BD51E1B861F00F0F09C /* libFSCalendar.a in Frameworks */,
				E2EE330E1E125B4600D6C0EB /* RevealServer.framework in Frameworks */,
				E2F9FE771E0A32FF00AA7C1A /* libToast.a in Frameworks */,
				E2A0A4AE1E03F93F009621A2 /* libKVNProgress.a in Frameworks */,
				E20CC43D1E03CFB80013BEC7 /* libFMDB.a in Frameworks */,
				E20CC4371E03C9B90013BEC7 /* libsqlite3.tbd in Frameworks */,
				E2B98EEA1E028F9400405C14 /* libIQKeyboardManager.a in Frameworks */,
				E200ED501DFE9FE800AA4DEC /* CoreGraphics.framework in Frameworks */,
				E200ED4E1DFE9FE100AA4DEC /* QuartzCore.framework in Frameworks */,
				E200ED4C1DFE9FD800AA4DEC /* CFNetwork.framework in Frameworks */,
				E200ED4A1DFE9FCE00AA4DEC /* libz.tbd in Frameworks */,
				6B6DA5287213F237F383903F /* libPods-TimeList.a in Frameworks */,
			);
			runOnlyForDeploymentPostprocessing = 0;
		};
/* End PBXFrameworksBuildPhase section */

/* Begin PBXGroup section */
		577FD3A7347AED8EBCE87938 /* Pods */ = {
			isa = PBXGroup;
			children = (
				F8DCE3FBECE9C33A57FD72D5 /* Pods-TimeList.debug.xcconfig */,
				7D518DE72740D1E198CF0AF2 /* Pods-TimeList.release.xcconfig */,
			);
			name = Pods;
			sourceTree = "<group>";
		};
		8E9EA9C835F740646F882DDB /* Frameworks */ = {
			isa = PBXGroup;
			children = (
				E2143BD41E1B861F00F0F09C /* libFSCalendar.a */,
				E2EE330D1E125B4600D6C0EB /* RevealServer.framework */,
				E2F9FE761E0A32FF00AA7C1A /* libToast.a */,
				E2A0A4AD1E03F93F009621A2 /* libKVNProgress.a */,
				E20CC43C1E03CFB80013BEC7 /* libFMDB.a */,
				E20CC43A1E03CE790013BEC7 /* libsqlite3.0.tbd */,
				E20CC4361E03C9B90013BEC7 /* libsqlite3.tbd */,
				E2B98EE91E028F9400405C14 /* libIQKeyboardManager.a */,
				E200ED4F1DFE9FE800AA4DEC /* CoreGraphics.framework */,
				E200ED4D1DFE9FE100AA4DEC /* QuartzCore.framework */,
				E200ED4B1DFE9FD800AA4DEC /* CFNetwork.framework */,
				E200ED491DFE9FCE00AA4DEC /* libz.tbd */,
				476823769E93E6F00C18E4FD /* libPods-TimeList.a */,
			);
			name = Frameworks;
			sourceTree = "<group>";
		};
		E20CAADC1E13BEE600DA07C7 /* BaseModel */ = {
			isa = PBXGroup;
			children = (
				E20CAADD1E13BEF900DA07C7 /* TLDataSource.h */,
				E20CAADE1E13BEF900DA07C7 /* TLDataSource.m */,
			);
			name = BaseModel;
			sourceTree = "<group>";
		};
		E20CC4411E03DA5E0013BEC7 /* Manager */ = {
			isa = PBXGroup;
			children = (
				E20CC4421E03DAB00013BEC7 /* FMDBManager.h */,
				E20CC4431E03DAB00013BEC7 /* FMDBManager.m */,
			);
			name = Manager;
			sourceTree = "<group>";
		};
		E2143BCE1E1B83D800F0F09C /* Calender */ = {
			isa = PBXGroup;
			children = (
				E2143BCF1E1B83F000F0F09C /* Calendar.storyboard */,
				E2143BD61E1BA20300F0F09C /* CalendarViewController.h */,
				E2143BD71E1BA20300F0F09C /* CalendarViewController.m */,
				E2F819621E1C965000F7F9BF /* DailyRecordViewController.h */,
				E2F819631E1C965000F7F9BF /* DailyRecordViewController.m */,
				E2F819651E1C989B00F7F9BF /* DailyTaskRecordView.h */,
				E2F819661E1C989B00F7F9BF /* DailyTaskRecordView.m */,
				E22840BF1E1E38C000FC6B07 /* HourlyRecordView.h */,
				E22840C01E1E38C000FC6B07 /* HourlyRecordView.m */,
			);
			name = Calender;
			sourceTree = "<group>";
		};
		E2166D771E0116C00096C821 /* BaseView */ = {
			isa = PBXGroup;
			children = (
				E2166D781E0116E40096C821 /* EditableTableViewCell.h */,
				E2166D791E0116E40096C821 /* EditableTableViewCell.m */,
				E2B98ED01E02668B00405C14 /* BaseView.h */,
				E2B98ED11E02668B00405C14 /* BaseView.m */,
			);
			name = BaseView;
			sourceTree = "<group>";
		};
		E2A814991E1109370068B88C /* Summary */ = {
			isa = PBXGroup;
			children = (
				E2A8149A1E11095E0068B88C /* DailySummaryViewController.h */,
				E2A8149B1E11095E0068B88C /* DailySummaryViewController.m */,
				E2A8149D1E110A180068B88C /* Summary.storyboard */,
				E2A8149F1E110D320068B88C /* DailySummaryDataSource.h */,
				E2A814A01E110D320068B88C /* DailySummaryDataSource.m */,
				E2A814A21E110E260068B88C /* DailySummaryDataSource+FMDB.h */,
				E2A814A31E110E260068B88C /* DailySummaryDataSource+FMDB.m */,
			);
			name = Summary;
			sourceTree = "<group>";
		};
		E2B98ECF1E02650F00405C14 /* TaskDetail */ = {
			isa = PBXGroup;
			children = (
				E2B98ECC1E0262F200405C14 /* TaskDetailViewController.h */,
				E2B98ECD1E0262F200405C14 /* TaskDetailViewController.m */,
				E2B98EDF1E02678600405C14 /* TaskTitleView.h */,
				E2B98EE01E02678600405C14 /* TaskTitleView.m */,
				E2B98ED31E0266B600405C14 /* TaskTitleTextView.h */,
				E2B98ED41E0266B600405C14 /* TaskTitleTextView.m */,
				E2B98ED61E0266D400405C14 /* TaskTitleButtonView.h */,
				E2B98ED71E0266D400405C14 /* TaskTitleButtonView.m */,
				E2B98ED91E02670700405C14 /* TaskTitleTwoSelectView.h */,
				E2B98EDA1E02670700405C14 /* TaskTitleTwoSelectView.m */,
				E2B98EDC1E02674600405C14 /* TaskTitleLongTextView.h */,
				E2B98EDD1E02674600405C14 /* TaskTitleLongTextView.m */,
				E2F9FE781E0A5D1900AA7C1A /* TaskDetailSubView.h */,
				E2F9FE791E0A5D1900AA7C1A /* TaskDetailSubView.m */,
				E25A71971E239FA4004040C1 /* TaskDetailPushAnimatedTransitioning.h */,
				E25A71981E239FA4004040C1 /* TaskDetailPushAnimatedTransitioning.m */,
				E2ECCD4E1E24CAC5001A3433 /* RectAnimationTransitionPop.h */,
				E2ECCD4F1E24CAC5001A3433 /* RectAnimationTransitionPop.m */,
			);
			name = TaskDetail;
			sourceTree = "<group>";
		};
		E2B98EE21E0277E400405C14 /* CustomView */ = {
			isa = PBXGroup;
			children = (
				E2B98EE31E02783F00405C14 /* SheetMaskView.h */,
				E2B98EE41E02783F00405C14 /* SheetMaskView.m */,
				E2B98EE61E027C6800405C14 /* PickerSheetView.h */,
				E2B98EE71E027C6800405C14 /* PickerSheetView.m */,
			);
			name = CustomView;
			sourceTree = "<group>";
		};
		E2EAB45D1E27630700DA2A95 /* EventType */ = {
			isa = PBXGroup;
			children = (
				E2EAB45E1E27639100DA2A95 /* EventTypeModle.h */,
				E2EAB45F1E27639100DA2A95 /* EventTypeModle.m */,
				E2EAB4641E27724800DA2A95 /* EventTypeModle+FMDB.h */,
				E2EAB4651E27724800DA2A95 /* EventTypeModle+FMDB.m */,
				E2EAB4611E27667300DA2A95 /* EventTypeManager.h */,
				E2EAB4621E27667300DA2A95 /* EventTypeManager.m */,
				E2EAB46A1E278BE900DA2A95 /* EventTypeListViewController.h */,
				E2EAB46B1E278BE900DA2A95 /* EventTypeListViewController.m */,
				E2EAB4671E27868400DA2A95 /* EventTypeCell.h */,
				E2EAB4681E27868400DA2A95 /* EventTypeCell.m */,
			);
			name = EventType;
			sourceTree = "<group>";
		};
		E2EC4B4F1DFE89190067C0EC /* Task */ = {
			isa = PBXGroup;
			children = (
				E2EC9F5D1E162F69002214B8 /* AlwaysUseTask */,
				E2EC4B501DFE896D0067C0EC /* TaskModel.h */,
				E2EC4B511DFE896D0067C0EC /* TaskModel.m */,
				E20CC43E1E03D8DC0013BEC7 /* TaskModel+FMDB.h */,
				E20CC43F1E03D8DC0013BEC7 /* TaskModel+FMDB.m */,
				E2EC4B541DFE8C7D0067C0EC /* TaskDataSource.h */,
				E2EC4B551DFE8C7D0067C0EC /* TaskDataSource.m */,
				E2B924871E08D9B400E1D3AE /* TaskDataSource+Func.h */,
				E2B924881E08D9B400E1D3AE /* TaskDataSource+Func.m */,
				E29F406A1E07B7ED0044D961 /* TaskDataSource+Sort.h */,
				E29F406B1E07B7ED0044D961 /* TaskDataSource+Sort.m */,
				E2EC4B571DFE904A0067C0EC /* TaskListTableViewController.h */,
				E2EC4B581DFE904A0067C0EC /* TaskListTableViewController.m */,
				E2EBB5A21DFFA04700686D70 /* TaskListTableViewCell.h */,
				E2EBB5A31DFFA04700686D70 /* TaskListTableViewCell.m */,
				E2EC4B5A1DFE90770067C0EC /* Task.storyboard */,
				E2F079AE1E02476B000163C7 /* TaskListSessionManager.h */,
				E2F079AF1E02476B000163C7 /* TaskListSessionManager.m */,
			);
			name = Task;
			sourceTree = "<group>";
		};
		E2EC9F5D1E162F69002214B8 /* AlwaysUseTask */ = {
			isa = PBXGroup;
			children = (
				E2EC9F5A1E162CFD002214B8 /* TaskModel+AlwaysUseFMDB.h */,
				E2EC9F5B1E162CFD002214B8 /* TaskModel+AlwaysUseFMDB.m */,
				E2EC9F5E1E162FA1002214B8 /* TaskAlwaysUseManager.h */,
				E2EC9F5F1E162FA1002214B8 /* TaskAlwaysUseManager.m */,
				E2EC9F611E1631A2002214B8 /* TaskAlwaysUseViewController.h */,
				E2EC9F621E1631A2002214B8 /* TaskAlwaysUseViewController.m */,
			);
			name = AlwaysUseTask;
			sourceTree = "<group>";
		};
		E2EE33091E1255C700D6C0EB /* HourlyRecord */ = {
			isa = PBXGroup;
			children = (
				E2EE330A1E12565200D6C0EB /* HourlyRecordCreateView.h */,
				E2EE330B1E12565200D6C0EB /* HourlyRecordCreateView.m */,
				E20CAAD31E13AFF400DA07C7 /* HourlyRecordModel.h */,
				E20CAAD41E13AFF400DA07C7 /* HourlyRecordModel.m */,
				E23C95481E1507D000CEBFAF /* HourlyRecordModel+FMDB.h */,
				E23C95491E1507D000CEBFAF /* HourlyRecordModel+FMDB.m */,
				E20CAAD61E13B0C300DA07C7 /* HourlyRecordCell.h */,
				E20CAAD71E13B0C300DA07C7 /* HourlyRecordCell.m */,
			);
			name = HourlyRecord;
			sourceTree = "<group>";
		};
		E2EF36E71DFA9DA0001247BE = {
			isa = PBXGroup;
			children = (
				E2EF36F21DFA9DA0001247BE /* TimeList */,
				E2EF36F11DFA9DA0001247BE /* Products */,
				577FD3A7347AED8EBCE87938 /* Pods */,
				8E9EA9C835F740646F882DDB /* Frameworks */,
			);
			sourceTree = "<group>";
		};
		E2EF36F11DFA9DA0001247BE /* Products */ = {
			isa = PBXGroup;
			children = (
				E2EF36F01DFA9DA0001247BE /* TimeList.app */,
			);
			name = Products;
			sourceTree = "<group>";
		};
		E2EF36F21DFA9DA0001247BE /* TimeList */ = {
			isa = PBXGroup;
			children = (
				E2EAB45D1E27630700DA2A95 /* EventType */,
				E2143BCE1E1B83D800F0F09C /* Calender */,
				E20CAADC1E13BEE600DA07C7 /* BaseModel */,
				E2EE33091E1255C700D6C0EB /* HourlyRecord */,
				E2A814991E1109370068B88C /* Summary */,
				E20CC4411E03DA5E0013BEC7 /* Manager */,
				E2B98ECF1E02650F00405C14 /* TaskDetail */,
				E2166D771E0116C00096C821 /* BaseView */,
				E2EC4B4F1DFE89190067C0EC /* Task */,
				E2EF37171DFAB225001247BE /* Toolkit */,
				E2EF370D1DFAA3AB001247BE /* BaseVC */,
				E2EF36F61DFA9DA0001247BE /* AppDelegate.h */,
				E2EF36F71DFA9DA0001247BE /* AppDelegate.m */,
				E2EF36F91DFA9DA0001247BE /* FirstViewController.h */,
				E2EF36FA1DFA9DA0001247BE /* FirstViewController.m */,
				E2EF36FC1DFA9DA0001247BE /* SecondViewController.h */,
				E2EF36FD1DFA9DA0001247BE /* SecondViewController.m */,
				E2143BD11E1B851400F0F09C /* ThirdViewController.h */,
				E2143BD21E1B851400F0F09C /* ThirdViewController.m */,
				E2EF36FF1DFA9DA0001247BE /* Main.storyboard */,
				E2EF37021DFA9DA0001247BE /* Assets.xcassets */,
				E2EF37041DFA9DA0001247BE /* LaunchScreen.storyboard */,
				E2EF37071DFA9DA0001247BE /* Info.plist */,
				E2EF36F31DFA9DA0001247BE /* Supporting Files */,
			);
			path = TimeList;
			sourceTree = "<group>";
		};
		E2EF36F31DFA9DA0001247BE /* Supporting Files */ = {
			isa = PBXGroup;
			children = (
				E2EF36F41DFA9DA0001247BE /* main.m */,
			);
			name = "Supporting Files";
			sourceTree = "<group>";
		};
		E2EF370D1DFAA3AB001247BE /* BaseVC */ = {
			isa = PBXGroup;
			children = (
				E2EF370E1DFAA3E0001247BE /* BaseNavigationViewController.h */,
				E2EF370F1DFAA3E0001247BE /* BaseNavigationViewController.m */,
				E2EF37111DFAA46D001247BE /* BaseViewController.h */,
				E2EF37121DFAA46D001247BE /* BaseViewController.m */,
				E2EF37141DFAA492001247BE /* UIViewController+AutoNavBtnSetup.h */,
				E2EF37151DFAA492001247BE /* UIViewController+AutoNavBtnSetup.m */,
				E20F95811E26277C0094B190 /* UIViewController+BackButtonHandler.h */,
				E20F95821E26277C0094B190 /* UIViewController+BackButtonHandler.m */,
				E2B98EEB1E02A2EC00405C14 /* UINavigationController+CustomAnimation.h */,
				E2B98EEC1E02A2EC00405C14 /* UINavigationController+CustomAnimation.m */,
			);
			name = BaseVC;
			sourceTree = "<group>";
		};
		E2EF37171DFAB225001247BE /* Toolkit */ = {
			isa = PBXGroup;
			children = (
				E2B98EE21E0277E400405C14 /* CustomView */,
				E2EBB5A81DFFA34800686D70 /* Toolkit.h */,
				E2EBB5A51DFFA24000686D70 /* Constants.h */,
				E2EBB5A61DFFA24000686D70 /* Constants.m */,
				E2EF37181DFAB239001247BE /* UIColor+TAToolkit.h */,
				E2EF37191DFAB239001247BE /* UIColor+TAToolkit.m */,
				E2EC4B4E1DFE84A20067C0EC /* FoundationToolkit.h */,
				E2EBB5A91DFFDA6E00686D70 /* UIView+Geometry.h */,
				E2EBB5AA1DFFDA6E00686D70 /* UIView+Geometry.m */,
				E20CC4331E03ADDD0013BEC7 /* NSArray+Toolkit.h */,
				E20CC4341E03ADDD0013BEC7 /* NSArray+Toolkit.m */,
				E2A0A4AF1E03FB68009621A2 /* NSDate+Day.h */,
				E2A0A4B01E03FB68009621A2 /* NSDate+Day.m */,
				E20CAAD91E13BADF00DA07C7 /* NSString+Toolkit.h */,
				E20CAADA1E13BADF00DA07C7 /* NSString+Toolkit.m */,
			);
			name = Toolkit;
			sourceTree = "<group>";
		};
/* End PBXGroup section */

/* Begin PBXNativeTarget section */
		E2EF36EF1DFA9DA0001247BE /* TimeList */ = {
			isa = PBXNativeTarget;
			buildConfigurationList = E2EF370A1DFA9DA0001247BE /* Build configuration list for PBXNativeTarget "TimeList" */;
			buildPhases = (
				4E9901A1A27F0ECE37D0DD29 /* [CP] Check Pods Manifest.lock */,
				E2EF36EC1DFA9DA0001247BE /* Sources */,
				E2EF36ED1DFA9DA0001247BE /* Frameworks */,
				E2EF36EE1DFA9DA0001247BE /* Resources */,
				66C5A84D9CF5F412D354BE94 /* [CP] Embed Pods Frameworks */,
				174A1B0DE037E093DF49A841 /* [CP] Copy Pods Resources */,
			);
			buildRules = (
			);
			dependencies = (
			);
			name = TimeList;
			productName = TimeList;
			productReference = E2EF36F01DFA9DA0001247BE /* TimeList.app */;
			productType = "com.apple.product-type.application";
		};
/* End PBXNativeTarget section */

/* Begin PBXProject section */
		E2EF36E81DFA9DA0001247BE /* Project object */ = {
			isa = PBXProject;
			attributes = {
				LastUpgradeCheck = 0810;
				ORGANIZATIONNAME = "Li Haomiao";
				TargetAttributes = {
					E2EF36EF1DFA9DA0001247BE = {
						CreatedOnToolsVersion = 8.1;
						DevelopmentTeam = 59U9PKJ5KW;
						ProvisioningStyle = Automatic;
					};
				};
			};
			buildConfigurationList = E2EF36EB1DFA9DA0001247BE /* Build configuration list for PBXProject "TimeList" */;
			compatibilityVersion = "Xcode 3.2";
			developmentRegion = English;
			hasScannedForEncodings = 0;
			knownRegions = (
				en,
				Base,
			);
			mainGroup = E2EF36E71DFA9DA0001247BE;
			productRefGroup = E2EF36F11DFA9DA0001247BE /* Products */;
			projectDirPath = "";
			projectRoot = "";
			targets = (
				E2EF36EF1DFA9DA0001247BE /* TimeList */,
			);
		};
/* End PBXProject section */

/* Begin PBXResourcesBuildPhase section */
		E2EF36EE1DFA9DA0001247BE /* Resources */ = {
			isa = PBXResourcesBuildPhase;
			buildActionMask = 2147483647;
			files = (
				E2EF37061DFA9DA0001247BE /* LaunchScreen.storyboard in Resources */,
				E2143BD01E1B83F100F0F09C /* Calendar.storyboard in Resources */,
				E2EC4B5B1DFE90770067C0EC /* Task.storyboard in Resources */,
				E2EF37031DFA9DA0001247BE /* Assets.xcassets in Resources */,
				E2EF37011DFA9DA0001247BE /* Main.storyboard in Resources */,
				E2A8149E1E110A180068B88C /* Summary.storyboard in Resources */,
			);
			runOnlyForDeploymentPostprocessing = 0;
		};
/* End PBXResourcesBuildPhase section */

/* Begin PBXShellScriptBuildPhase section */
		174A1B0DE037E093DF49A841 /* [CP] Copy Pods Resources */ = {
			isa = PBXShellScriptBuildPhase;
			buildActionMask = 2147483647;
			files = (
			);
			inputPaths = (
			);
			name = "[CP] Copy Pods Resources";
			outputPaths = (
			);
			runOnlyForDeploymentPostprocessing = 0;
			shellPath = /bin/sh;
			shellScript = "\"${SRCROOT}/Pods/Target Support Files/Pods-TimeList/Pods-TimeList-resources.sh\"\n";
			showEnvVarsInLog = 0;
		};
		4E9901A1A27F0ECE37D0DD29 /* [CP] Check Pods Manifest.lock */ = {
			isa = PBXShellScriptBuildPhase;
			buildActionMask = 2147483647;
			files = (
			);
			inputPaths = (
			);
			name = "[CP] Check Pods Manifest.lock";
			outputPaths = (
			);
			runOnlyForDeploymentPostprocessing = 0;
			shellPath = /bin/sh;
			shellScript = "diff \"${PODS_ROOT}/../Podfile.lock\" \"${PODS_ROOT}/Manifest.lock\" > /dev/null\nif [ $? != 0 ] ; then\n    # print error to STDERR\n    echo \"error: The sandbox is not in sync with the Podfile.lock. Run 'pod install' or update your CocoaPods installation.\" >&2\n    exit 1\nfi\n";
			showEnvVarsInLog = 0;
		};
		66C5A84D9CF5F412D354BE94 /* [CP] Embed Pods Frameworks */ = {
			isa = PBXShellScriptBuildPhase;
			buildActionMask = 2147483647;
			files = (
			);
			inputPaths = (
			);
			name = "[CP] Embed Pods Frameworks";
			outputPaths = (
			);
			runOnlyForDeploymentPostprocessing = 0;
			shellPath = /bin/sh;
			shellScript = "\"${SRCROOT}/Pods/Target Support Files/Pods-TimeList/Pods-TimeList-frameworks.sh\"\n";
			showEnvVarsInLog = 0;
		};
/* End PBXShellScriptBuildPhase section */

/* Begin PBXSourcesBuildPhase section */
		E2EF36EC1DFA9DA0001247BE /* Sources */ = {
			isa = PBXSourcesBuildPhase;
			buildActionMask = 2147483647;
			files = (
				E2B98ED51E0266B600405C14 /* TaskTitleTextView.m in Sources */,
				E20CAAD51E13AFF400DA07C7 /* HourlyRecordModel.m in Sources */,
				E2143BD31E1B851400F0F09C /* ThirdViewController.m in Sources */,
				E23C954A1E1507D000CEBFAF /* HourlyRecordModel+FMDB.m in Sources */,
				E2EBB5AB1DFFDA6E00686D70 /* UIView+Geometry.m in Sources */,
				E20CAAD81E13B0C300DA07C7 /* HourlyRecordCell.m in Sources */,
				E22840C11E1E38C000FC6B07 /* HourlyRecordView.m in Sources */,
				E2B98EE51E02783F00405C14 /* SheetMaskView.m in Sources */,
				E2F819641E1C965000F7F9BF /* DailyRecordViewController.m in Sources */,
				E2EAB46C1E278BE900DA2A95 /* EventTypeListViewController.m in Sources */,
				E20CC4441E03DAB00013BEC7 /* FMDBManager.m in Sources */,
				E20CC4401E03D8DC0013BEC7 /* TaskModel+FMDB.m in Sources */,
				E2F9FE7A1E0A5D1900AA7C1A /* TaskDetailSubView.m in Sources */,
				E2B924891E08D9B400E1D3AE /* TaskDataSource+Func.m in Sources */,
				E2A8149C1E11095E0068B88C /* DailySummaryViewController.m in Sources */,
				E2F079B01E02476B000163C7 /* TaskListSessionManager.m in Sources */,
				E25A71991E239FA4004040C1 /* TaskDetailPushAnimatedTransitioning.m in Sources */,
				E2EC9F5C1E162CFD002214B8 /* TaskModel+AlwaysUseFMDB.m in Sources */,
				E2EF36FE1DFA9DA0001247BE /* SecondViewController.m in Sources */,
				E2A0A4B11E03FB68009621A2 /* NSDate+Day.m in Sources */,
				E2EF371A1DFAB239001247BE /* UIColor+TAToolkit.m in Sources */,
				E2EC4B521DFE896D0067C0EC /* TaskModel.m in Sources */,
				E2EF37131DFAA46D001247BE /* BaseViewController.m in Sources */,
				E2EF37161DFAA492001247BE /* UIViewController+AutoNavBtnSetup.m in Sources */,
				E2B98EE11E02678600405C14 /* TaskTitleView.m in Sources */,
				E2B98ED81E0266D400405C14 /* TaskTitleButtonView.m in Sources */,
				E2B98EDE1E02674600405C14 /* TaskTitleLongTextView.m in Sources */,
				E2EBB5A41DFFA04700686D70 /* TaskListTableViewCell.m in Sources */,
				E2143BD81E1BA20300F0F09C /* CalendarViewController.m in Sources */,
				E2EC4B561DFE8C7D0067C0EC /* TaskDataSource.m in Sources */,
				E2EBB5A71DFFA24000686D70 /* Constants.m in Sources */,
				E2EC9F601E162FA1002214B8 /* TaskAlwaysUseManager.m in Sources */,
				E2B98EED1E02A2EC00405C14 /* UINavigationController+CustomAnimation.m in Sources */,
				E29F406C1E07B7ED0044D961 /* TaskDataSource+Sort.m in Sources */,
				E2B98EE81E027C6800405C14 /* PickerSheetView.m in Sources */,
				E2EF37101DFAA3E0001247BE /* BaseNavigationViewController.m in Sources */,
				E20F95831E26277C0094B190 /* UIViewController+BackButtonHandler.m in Sources */,
				E20CC4351E03ADDD0013BEC7 /* NSArray+Toolkit.m in Sources */,
				E2B98ED21E02668B00405C14 /* BaseView.m in Sources */,
				E2EAB4601E27639100DA2A95 /* EventTypeModle.m in Sources */,
				E2EAB4631E27667300DA2A95 /* EventTypeManager.m in Sources */,
				E2B98ECE1E0262F200405C14 /* TaskDetailViewController.m in Sources */,
				E2F819671E1C989B00F7F9BF /* DailyTaskRecordView.m in Sources */,
				E2EC4B591DFE904A0067C0EC /* TaskListTableViewController.m in Sources */,
				E2EF36F81DFA9DA0001247BE /* AppDelegate.m in Sources */,
				E2EF36FB1DFA9DA0001247BE /* FirstViewController.m in Sources */,
				E2EC9F631E1631A2002214B8 /* TaskAlwaysUseViewController.m in Sources */,
				E2166D7A1E0116E40096C821 /* EditableTableViewCell.m in Sources */,
				E2A814A41E110E260068B88C /* DailySummaryDataSource+FMDB.m in Sources */,
				E2B98EDB1E02670700405C14 /* TaskTitleTwoSelectView.m in Sources */,
				E2EAB4661E27724800DA2A95 /* EventTypeModle+FMDB.m in Sources */,
				E2A814A11E110D320068B88C /* DailySummaryDataSource.m in Sources */,
				E2ECCD501E24CAC5001A3433 /* RectAnimationTransitionPop.m in Sources */,
				E2EAB4691E27868400DA2A95 /* EventTypeCell.m in Sources */,
				E2EF36F51DFA9DA0001247BE /* main.m in Sources */,
				E20CAADB1E13BADF00DA07C7 /* NSString+Toolkit.m in Sources */,
				E20CAADF1E13BEF900DA07C7 /* TLDataSource.m in Sources */,
				E2EE330C1E12565200D6C0EB /* HourlyRecordCreateView.m in Sources */,
			);
			runOnlyForDeploymentPostprocessing = 0;
		};
/* End PBXSourcesBuildPhase section */

/* Begin PBXVariantGroup section */
		E2EF36FF1DFA9DA0001247BE /* Main.storyboard */ = {
			isa = PBXVariantGroup;
			children = (
				E2EF37001DFA9DA0001247BE /* Base */,
			);
			name = Main.storyboard;
			sourceTree = "<group>";
		};
		E2EF37041DFA9DA0001247BE /* LaunchScreen.storyboard */ = {
			isa = PBXVariantGroup;
			children = (
				E2EF37051DFA9DA0001247BE /* Base */,
			);
			name = LaunchScreen.storyboard;
			sourceTree = "<group>";
		};
/* End PBXVariantGroup section */

/* Begin XCBuildConfiguration section */
		E2EF37081DFA9DA0001247BE /* Debug */ = {
			isa = XCBuildConfiguration;
			buildSettings = {
				ALWAYS_SEARCH_USER_PATHS = NO;
				CLANG_ANALYZER_NONNULL = YES;
				CLANG_CXX_LANGUAGE_STANDARD = "gnu++0x";
				CLANG_CXX_LIBRARY = "libc++";
				CLANG_ENABLE_MODULES = YES;
				CLANG_ENABLE_OBJC_ARC = YES;
				CLANG_WARN_BOOL_CONVERSION = YES;
				CLANG_WARN_CONSTANT_CONVERSION = YES;
				CLANG_WARN_DIRECT_OBJC_ISA_USAGE = YES_ERROR;
				CLANG_WARN_DOCUMENTATION_COMMENTS = YES;
				CLANG_WARN_EMPTY_BODY = YES;
				CLANG_WARN_ENUM_CONVERSION = YES;
				CLANG_WARN_INFINITE_RECURSION = YES;
				CLANG_WARN_INT_CONVERSION = YES;
				CLANG_WARN_OBJC_ROOT_CLASS = YES_ERROR;
				CLANG_WARN_SUSPICIOUS_MOVES = YES;
				CLANG_WARN_UNREACHABLE_CODE = YES;
				CLANG_WARN__DUPLICATE_METHOD_MATCH = YES;
				"CODE_SIGN_IDENTITY[sdk=iphoneos*]" = "iPhone Developer";
				COPY_PHASE_STRIP = NO;
				DEBUG_INFORMATION_FORMAT = dwarf;
				ENABLE_STRICT_OBJC_MSGSEND = YES;
				ENABLE_TESTABILITY = YES;
				GCC_C_LANGUAGE_STANDARD = gnu99;
				GCC_DYNAMIC_NO_PIC = NO;
				GCC_NO_COMMON_BLOCKS = YES;
				GCC_OPTIMIZATION_LEVEL = 0;
				GCC_PREPROCESSOR_DEFINITIONS = (
					"DEBUG=1",
					"$(inherited)",
				);
				GCC_WARN_64_TO_32_BIT_CONVERSION = YES;
				GCC_WARN_ABOUT_RETURN_TYPE = YES_ERROR;
				GCC_WARN_UNDECLARED_SELECTOR = YES;
				GCC_WARN_UNINITIALIZED_AUTOS = YES_AGGRESSIVE;
				GCC_WARN_UNUSED_FUNCTION = YES;
				GCC_WARN_UNUSED_VARIABLE = YES;
				IPHONEOS_DEPLOYMENT_TARGET = 10.1;
				MTL_ENABLE_DEBUG_INFO = YES;
				ONLY_ACTIVE_ARCH = YES;
				SDKROOT = iphoneos;
			};
			name = Debug;
		};
		E2EF37091DFA9DA0001247BE /* Release */ = {
			isa = XCBuildConfiguration;
			buildSettings = {
				ALWAYS_SEARCH_USER_PATHS = NO;
				CLANG_ANALYZER_NONNULL = YES;
				CLANG_CXX_LANGUAGE_STANDARD = "gnu++0x";
				CLANG_CXX_LIBRARY = "libc++";
				CLANG_ENABLE_MODULES = YES;
				CLANG_ENABLE_OBJC_ARC = YES;
				CLANG_WARN_BOOL_CONVERSION = YES;
				CLANG_WARN_CONSTANT_CONVERSION = YES;
				CLANG_WARN_DIRECT_OBJC_ISA_USAGE = YES_ERROR;
				CLANG_WARN_DOCUMENTATION_COMMENTS = YES;
				CLANG_WARN_EMPTY_BODY = YES;
				CLANG_WARN_ENUM_CONVERSION = YES;
				CLANG_WARN_INFINITE_RECURSION = YES;
				CLANG_WARN_INT_CONVERSION = YES;
				CLANG_WARN_OBJC_ROOT_CLASS = YES_ERROR;
				CLANG_WARN_SUSPICIOUS_MOVES = YES;
				CLANG_WARN_UNREACHABLE_CODE = YES;
				CLANG_WARN__DUPLICATE_METHOD_MATCH = YES;
				"CODE_SIGN_IDENTITY[sdk=iphoneos*]" = "iPhone Developer";
				COPY_PHASE_STRIP = NO;
				DEBUG_INFORMATION_FORMAT = "dwarf-with-dsym";
				ENABLE_NS_ASSERTIONS = NO;
				ENABLE_STRICT_OBJC_MSGSEND = YES;
				GCC_C_LANGUAGE_STANDARD = gnu99;
				GCC_NO_COMMON_BLOCKS = YES;
				GCC_WARN_64_TO_32_BIT_CONVERSION = YES;
				GCC_WARN_ABOUT_RETURN_TYPE = YES_ERROR;
				GCC_WARN_UNDECLARED_SELECTOR = YES;
				GCC_WARN_UNINITIALIZED_AUTOS = YES_AGGRESSIVE;
				GCC_WARN_UNUSED_FUNCTION = YES;
				GCC_WARN_UNUSED_VARIABLE = YES;
				IPHONEOS_DEPLOYMENT_TARGET = 10.1;
				MTL_ENABLE_DEBUG_INFO = NO;
				SDKROOT = iphoneos;
				VALIDATE_PRODUCT = YES;
			};
			name = Release;
		};
		E2EF370B1DFA9DA0001247BE /* Debug */ = {
			isa = XCBuildConfiguration;
			baseConfigurationReference = F8DCE3FBECE9C33A57FD72D5 /* Pods-TimeList.debug.xcconfig */;
			buildSettings = {
				ASSETCATALOG_COMPILER_APPICON_NAME = AppIcon;
				DEVELOPMENT_TEAM = 59U9PKJ5KW;
				FRAMEWORK_SEARCH_PATHS = (
					"$(inherited)",
					"$(PROJECT_DIR)/TimeList",
					"$(PROJECT_DIR)",
				);
				INFOPLIST_FILE = TimeList/Info.plist;
				IPHONEOS_DEPLOYMENT_TARGET = 8.0;
				LD_RUNPATH_SEARCH_PATHS = "$(inherited) @executable_path/Frameworks";
				OTHER_LDFLAGS = "$(inherited)";
				"OTHER_LDFLAGS[arch=*]" = "-ObjC";
				PRODUCT_BUNDLE_IDENTIFIER = lhm.TimeList;
				PRODUCT_NAME = "$(TARGET_NAME)";
			};
			name = Debug;
		};
		E2EF370C1DFA9DA0001247BE /* Release */ = {
			isa = XCBuildConfiguration;
			baseConfigurationReference = 7D518DE72740D1E198CF0AF2 /* Pods-TimeList.release.xcconfig */;
			buildSettings = {
				ASSETCATALOG_COMPILER_APPICON_NAME = AppIcon;
				DEVELOPMENT_TEAM = 59U9PKJ5KW;
				FRAMEWORK_SEARCH_PATHS = (
					"$(inherited)",
					"$(PROJECT_DIR)/TimeList",
					"$(PROJECT_DIR)",
				);
				INFOPLIST_FILE = TimeList/Info.plist;
				IPHONEOS_DEPLOYMENT_TARGET = 8.0;
				LD_RUNPATH_SEARCH_PATHS = "$(inherited) @executable_path/Frameworks";
				OTHER_LDFLAGS = "$(inherited)";
				PRODUCT_BUNDLE_IDENTIFIER = lhm.TimeList;
				PRODUCT_NAME = "$(TARGET_NAME)";
			};
			name = Release;
		};
/* End XCBuildConfiguration section */

/* Begin XCConfigurationList section */
		E2EF36EB1DFA9DA0001247BE /* Build configuration list for PBXProject "TimeList" */ = {
			isa = XCConfigurationList;
			buildConfigurations = (
				E2EF37081DFA9DA0001247BE /* Debug */,
				E2EF37091DFA9DA0001247BE /* Release */,
			);
			defaultConfigurationIsVisible = 0;
			defaultConfigurationName = Release;
		};
		E2EF370A1DFA9DA0001247BE /* Build configuration list for PBXNativeTarget "TimeList" */ = {
			isa = XCConfigurationList;
			buildConfigurations = (
				E2EF370B1DFA9DA0001247BE /* Debug */,
				E2EF370C1DFA9DA0001247BE /* Release */,
			);
			defaultConfigurationIsVisible = 0;
			defaultConfigurationName = Release;
		};
/* End XCConfigurationList section */
	};
	rootObject = E2EF36E81DFA9DA0001247BE /* Project object */;
}
